// !$*UTF8*$!
{
	archiveVersion = 1;
	classes = {
	};
	objectVersion = 46;
	objects = {

/* Begin PBXBuildFile section */
		9377878943BC26AFC32A0267 /* libPods.a in Frameworks */ = {isa = PBXBuildFile; fileRef = 7A1A80B849BA6D01790ACC6A /* libPods.a */; };
		F432AFC41A7CC77E007B2AF9 /* main.m in Sources */ = {isa = PBXBuildFile; fileRef = F432AFC31A7CC77E007B2AF9 /* main.m */; };
		F432AFC71A7CC77E007B2AF9 /* AppDelegate.m in Sources */ = {isa = PBXBuildFile; fileRef = F432AFC61A7CC77E007B2AF9 /* AppDelegate.m */; };
		F432AFCA1A7CC77E007B2AF9 /* FirstViewController.m in Sources */ = {isa = PBXBuildFile; fileRef = F432AFC91A7CC77E007B2AF9 /* FirstViewController.m */; };
		F432AFCD1A7CC77E007B2AF9 /* SecondViewController.m in Sources */ = {isa = PBXBuildFile; fileRef = F432AFCC1A7CC77E007B2AF9 /* SecondViewController.m */; };
		F432AFD01A7CC77E007B2AF9 /* Main.storyboard in Resources */ = {isa = PBXBuildFile; fileRef = F432AFCE1A7CC77E007B2AF9 /* Main.storyboard */; };
		F432AFD21A7CC77E007B2AF9 /* Images.xcassets in Resources */ = {isa = PBXBuildFile; fileRef = F432AFD11A7CC77E007B2AF9 /* Images.xcassets */; };
		F432AFD51A7CC77E007B2AF9 /* LaunchScreen.xib in Resources */ = {isa = PBXBuildFile; fileRef = F432AFD31A7CC77E007B2AF9 /* LaunchScreen.xib */; };
		F432AFE11A7CC77E007B2AF9 /* iosTests.m in Sources */ = {isa = PBXBuildFile; fileRef = F432AFE01A7CC77E007B2AF9 /* iosTests.m */; };
		F43C844D1A7F1BFA006D7748 /* JsonCacheManager.m in Sources */ = {isa = PBXBuildFile; fileRef = F43C844C1A7F1BFA006D7748 /* JsonCacheManager.m */; };
		F466D6DD1A7E37D7008EA09F /* TodayJson.m in Sources */ = {isa = PBXBuildFile; fileRef = F466D6D91A7E37D7008EA09F /* TodayJson.m */; };
		F466D6DE1A7E37D7008EA09F /* TodayTableViewCell.m in Sources */ = {isa = PBXBuildFile; fileRef = F466D6DB1A7E37D7008EA09F /* TodayTableViewCell.m */; };
		F466D6DF1A7E37D7008EA09F /* TodayUITableCell.xib in Resources */ = {isa = PBXBuildFile; fileRef = F466D6DC1A7E37D7008EA09F /* TodayUITableCell.xib */; };
		F4681ED71A80F2830036B3B9 /* ViewInfoBar.xib in Resources */ = {isa = PBXBuildFile; fileRef = F4681ED61A80F2830036B3B9 /* ViewInfoBar.xib */; };
		F49A7AAC1A7CE157003EA762 /* BelltimesJson.m in Sources */ = {isa = PBXBuildFile; fileRef = F49A7AAB1A7CE157003EA762 /* BelltimesJson.m */; };
		F49A7AB21A7CED9C003EA762 /* DateTimeHelper.m in Sources */ = {isa = PBXBuildFile; fileRef = F49A7AB11A7CED9C003EA762 /* DateTimeHelper.m */; };
		F49A7AB81A7CFFB2003EA762 /* ApiAccessor.m in Sources */ = {isa = PBXBuildFile; fileRef = F49A7AB71A7CFFB2003EA762 /* ApiAccessor.m */; };
		F4A69A051A7E05EE0051DDB3 /* LoginViewController.m in Sources */ = {isa = PBXBuildFile; fileRef = F4A69A041A7E05EE0051DDB3 /* LoginViewController.m */; };
/* End PBXBuildFile section */

/* Begin PBXContainerItemProxy section */
		F432AFDB1A7CC77E007B2AF9 /* PBXContainerItemProxy */ = {
			isa = PBXContainerItemProxy;
			containerPortal = F432AFB61A7CC77E007B2AF9 /* Project object */;
			proxyType = 1;
			remoteGlobalIDString = F432AFBD1A7CC77E007B2AF9;
			remoteInfo = ios;
		};
/* End PBXContainerItemProxy section */

/* Begin PBXFileReference section */
		35E282DF4DE90419154B8078 /* Pods.debug.xcconfig */ = {isa = PBXFileReference; includeInIndex = 1; lastKnownFileType = text.xcconfig; name = Pods.debug.xcconfig; path = "Pods/Target Support Files/Pods/Pods.debug.xcconfig"; sourceTree = "<group>"; };
		7A1A80B849BA6D01790ACC6A /* libPods.a */ = {isa = PBXFileReference; explicitFileType = archive.ar; includeInIndex = 0; path = libPods.a; sourceTree = BUILT_PRODUCTS_DIR; };
		CC3A0EE1C7EE7CE61EA889A3 /* Pods.release.xcconfig */ = {isa = PBXFileReference; includeInIndex = 1; lastKnownFileType = text.xcconfig; name = Pods.release.xcconfig; path = "Pods/Target Support Files/Pods/Pods.release.xcconfig"; sourceTree = "<group>"; };
		F432AFBE1A7CC77E007B2AF9 /* SBHS Timetable.app */ = {isa = PBXFileReference; explicitFileType = wrapper.application; includeInIndex = 0; path = "SBHS Timetable.app"; sourceTree = BUILT_PRODUCTS_DIR; };
		F432AFC21A7CC77E007B2AF9 /* Info.plist */ = {isa = PBXFileReference; lastKnownFileType = text.plist.xml; path = Info.plist; sourceTree = "<group>"; };
		F432AFC31A7CC77E007B2AF9 /* main.m */ = {isa = PBXFileReference; lastKnownFileType = sourcecode.c.objc; path = main.m; sourceTree = "<group>"; };
		F432AFC51A7CC77E007B2AF9 /* AppDelegate.h */ = {isa = PBXFileReference; lastKnownFileType = sourcecode.c.h; path = AppDelegate.h; sourceTree = "<group>"; };
		F432AFC61A7CC77E007B2AF9 /* AppDelegate.m */ = {isa = PBXFileReference; lastKnownFileType = sourcecode.c.objc; path = AppDelegate.m; sourceTree = "<group>"; };
		F432AFC81A7CC77E007B2AF9 /* FirstViewController.h */ = {isa = PBXFileReference; lastKnownFileType = sourcecode.c.h; path = FirstViewController.h; sourceTree = "<group>"; };
		F432AFC91A7CC77E007B2AF9 /* FirstViewController.m */ = {isa = PBXFileReference; lastKnownFileType = sourcecode.c.objc; path = FirstViewController.m; sourceTree = "<group>"; };
		F432AFCB1A7CC77E007B2AF9 /* SecondViewController.h */ = {isa = PBXFileReference; lastKnownFileType = sourcecode.c.h; path = SecondViewController.h; sourceTree = "<group>"; };
		F432AFCC1A7CC77E007B2AF9 /* SecondViewController.m */ = {isa = PBXFileReference; lastKnownFileType = sourcecode.c.objc; path = SecondViewController.m; sourceTree = "<group>"; };
		F432AFCF1A7CC77E007B2AF9 /* Base */ = {isa = PBXFileReference; lastKnownFileType = file.storyboard; name = Base; path = Base.lproj/Main.storyboard; sourceTree = "<group>"; };
		F432AFD11A7CC77E007B2AF9 /* Images.xcassets */ = {isa = PBXFileReference; lastKnownFileType = folder.assetcatalog; path = Images.xcassets; sourceTree = "<group>"; };
		F432AFD41A7CC77E007B2AF9 /* Base */ = {isa = PBXFileReference; lastKnownFileType = file.xib; name = Base; path = Base.lproj/LaunchScreen.xib; sourceTree = "<group>"; };
		F432AFDA1A7CC77E007B2AF9 /* iosTests.xctest */ = {isa = PBXFileReference; explicitFileType = wrapper.cfbundle; includeInIndex = 0; path = iosTests.xctest; sourceTree = BUILT_PRODUCTS_DIR; };
		F432AFDF1A7CC77E007B2AF9 /* Info.plist */ = {isa = PBXFileReference; lastKnownFileType = text.plist.xml; path = Info.plist; sourceTree = "<group>"; };
		F432AFE01A7CC77E007B2AF9 /* iosTests.m */ = {isa = PBXFileReference; lastKnownFileType = sourcecode.c.objc; path = iosTests.m; sourceTree = "<group>"; };
		F43C844B1A7F1BFA006D7748 /* JsonCacheManager.h */ = {isa = PBXFileReference; fileEncoding = 4; lastKnownFileType = sourcecode.c.h; path = JsonCacheManager.h; sourceTree = "<group>"; };
		F43C844C1A7F1BFA006D7748 /* JsonCacheManager.m */ = {isa = PBXFileReference; fileEncoding = 4; lastKnownFileType = sourcecode.c.objc; path = JsonCacheManager.m; sourceTree = "<group>"; };
		F466D6D81A7E37D7008EA09F /* TodayJson.h */ = {isa = PBXFileReference; fileEncoding = 4; lastKnownFileType = sourcecode.c.h; path = TodayJson.h; sourceTree = "<group>"; };
		F466D6D91A7E37D7008EA09F /* TodayJson.m */ = {isa = PBXFileReference; fileEncoding = 4; lastKnownFileType = sourcecode.c.objc; path = TodayJson.m; sourceTree = "<group>"; };
		F466D6DA1A7E37D7008EA09F /* TodayTableViewCell.h */ = {isa = PBXFileReference; fileEncoding = 4; lastKnownFileType = sourcecode.c.h; path = TodayTableViewCell.h; sourceTree = "<group>"; };
		F466D6DB1A7E37D7008EA09F /* TodayTableViewCell.m */ = {isa = PBXFileReference; fileEncoding = 4; lastKnownFileType = sourcecode.c.objc; path = TodayTableViewCell.m; sourceTree = "<group>"; };
		F466D6DC1A7E37D7008EA09F /* TodayUITableCell.xib */ = {isa = PBXFileReference; fileEncoding = 4; lastKnownFileType = file.xib; path = TodayUITableCell.xib; sourceTree = "<group>"; };
		F4681ED61A80F2830036B3B9 /* ViewInfoBar.xib */ = {isa = PBXFileReference; fileEncoding = 4; lastKnownFileType = file.xib; path = ViewInfoBar.xib; sourceTree = "<group>"; };
		F49A7AAA1A7CE157003EA762 /* BelltimesJson.h */ = {isa = PBXFileReference; fileEncoding = 4; lastKnownFileType = sourcecode.c.h; path = BelltimesJson.h; sourceTree = "<group>"; };
		F49A7AAB1A7CE157003EA762 /* BelltimesJson.m */ = {isa = PBXFileReference; fileEncoding = 4; lastKnownFileType = sourcecode.c.objc; path = BelltimesJson.m; sourceTree = "<group>"; };
		F49A7AB01A7CED9C003EA762 /* DateTimeHelper.h */ = {isa = PBXFileReference; fileEncoding = 4; lastKnownFileType = sourcecode.c.h; path = DateTimeHelper.h; sourceTree = "<group>"; };
		F49A7AB11A7CED9C003EA762 /* DateTimeHelper.m */ = {isa = PBXFileReference; fileEncoding = 4; lastKnownFileType = sourcecode.c.objc; path = DateTimeHelper.m; sourceTree = "<group>"; };
		F49A7AB61A7CFFB2003EA762 /* ApiAccessor.h */ = {isa = PBXFileReference; fileEncoding = 4; lastKnownFileType = sourcecode.c.h; path = ApiAccessor.h; sourceTree = "<group>"; };
		F49A7AB71A7CFFB2003EA762 /* ApiAccessor.m */ = {isa = PBXFileReference; fileEncoding = 4; lastKnownFileType = sourcecode.c.objc; path = ApiAccessor.m; sourceTree = "<group>"; };
		F4A69A031A7E05EE0051DDB3 /* LoginViewController.h */ = {isa = PBXFileReference; fileEncoding = 4; lastKnownFileType = sourcecode.c.h; path = LoginViewController.h; sourceTree = "<group>"; };
		F4A69A041A7E05EE0051DDB3 /* LoginViewController.m */ = {isa = PBXFileReference; fileEncoding = 4; lastKnownFileType = sourcecode.c.objc; path = LoginViewController.m; sourceTree = "<group>"; };
/* End PBXFileReference section */

/* Begin PBXFrameworksBuildPhase section */
		F432AFBB1A7CC77E007B2AF9 /* Frameworks */ = {
			isa = PBXFrameworksBuildPhase;
			buildActionMask = 2147483647;
			files = (
				9377878943BC26AFC32A0267 /* libPods.a in Frameworks */,
			);
			runOnlyForDeploymentPostprocessing = 0;
		};
		F432AFD71A7CC77E007B2AF9 /* Frameworks */ = {
			isa = PBXFrameworksBuildPhase;
			buildActionMask = 2147483647;
			files = (
			);
			runOnlyForDeploymentPostprocessing = 0;
		};
/* End PBXFrameworksBuildPhase section */

/* Begin PBXGroup section */
		5C4BC7EBC80A0963FD81C863 /* Frameworks */ = {
			isa = PBXGroup;
			children = (
				7A1A80B849BA6D01790ACC6A /* libPods.a */,
			);
			name = Frameworks;
			sourceTree = "<group>";
		};
		F2E547C3CF9D3441F816FB04 /* Pods */ = {
			isa = PBXGroup;
			children = (
				35E282DF4DE90419154B8078 /* Pods.debug.xcconfig */,
				CC3A0EE1C7EE7CE61EA889A3 /* Pods.release.xcconfig */,
			);
			name = Pods;
			sourceTree = "<group>";
		};
		F432AFB51A7CC77E007B2AF9 = {
			isa = PBXGroup;
			children = (
				F432AFC01A7CC77E007B2AF9 /* ios */,
				F432AFDD1A7CC77E007B2AF9 /* iosTests */,
				F432AFBF1A7CC77E007B2AF9 /* Products */,
				F2E547C3CF9D3441F816FB04 /* Pods */,
				5C4BC7EBC80A0963FD81C863 /* Frameworks */,
			);
			sourceTree = "<group>";
		};
		F432AFBF1A7CC77E007B2AF9 /* Products */ = {
			isa = PBXGroup;
			children = (
				F432AFBE1A7CC77E007B2AF9 /* SBHS Timetable.app */,
				F432AFDA1A7CC77E007B2AF9 /* iosTests.xctest */,
			);
			name = Products;
			sourceTree = "<group>";
		};
		F432AFC01A7CC77E007B2AF9 /* ios */ = {
			isa = PBXGroup;
			children = (
				F49A7AB61A7CFFB2003EA762 /* ApiAccessor.h */,
				F49A7AB71A7CFFB2003EA762 /* ApiAccessor.m */,
				F432AFC51A7CC77E007B2AF9 /* AppDelegate.h */,
				F432AFC61A7CC77E007B2AF9 /* AppDelegate.m */,
				F49A7AAA1A7CE157003EA762 /* BelltimesJson.h */,
				F49A7AAB1A7CE157003EA762 /* BelltimesJson.m */,
				F49A7AB01A7CED9C003EA762 /* DateTimeHelper.h */,
				F49A7AB11A7CED9C003EA762 /* DateTimeHelper.m */,
				F432AFC81A7CC77E007B2AF9 /* FirstViewController.h */,
				F432AFC91A7CC77E007B2AF9 /* FirstViewController.m */,
				F432AFD11A7CC77E007B2AF9 /* Images.xcassets */,
				F43C844B1A7F1BFA006D7748 /* JsonCacheManager.h */,
				F43C844C1A7F1BFA006D7748 /* JsonCacheManager.m */,
				F432AFD31A7CC77E007B2AF9 /* LaunchScreen.xib */,
				F4A69A031A7E05EE0051DDB3 /* LoginViewController.h */,
				F4A69A041A7E05EE0051DDB3 /* LoginViewController.m */,
				F432AFCE1A7CC77E007B2AF9 /* Main.storyboard */,
				F432AFCB1A7CC77E007B2AF9 /* SecondViewController.h */,
				F432AFCC1A7CC77E007B2AF9 /* SecondViewController.m */,
				F432AFC11A7CC77E007B2AF9 /* Supporting Files */,
				F466D6D81A7E37D7008EA09F /* TodayJson.h */,
				F466D6D91A7E37D7008EA09F /* TodayJson.m */,
				F466D6DA1A7E37D7008EA09F /* TodayTableViewCell.h */,
				F466D6DB1A7E37D7008EA09F /* TodayTableViewCell.m */,
				F466D6DC1A7E37D7008EA09F /* TodayUITableCell.xib */,
				F4681ED61A80F2830036B3B9 /* ViewInfoBar.xib */,
			);
			path = ios;
			sourceTree = "<group>";
		};
		F432AFC11A7CC77E007B2AF9 /* Supporting Files */ = {
			isa = PBXGroup;
			children = (
				F432AFC21A7CC77E007B2AF9 /* Info.plist */,
				F432AFC31A7CC77E007B2AF9 /* main.m */,
			);
			name = "Supporting Files";
			sourceTree = "<group>";
		};
		F432AFDD1A7CC77E007B2AF9 /* iosTests */ = {
			isa = PBXGroup;
			children = (
				F432AFE01A7CC77E007B2AF9 /* iosTests.m */,
				F432AFDE1A7CC77E007B2AF9 /* Supporting Files */,
			);
			path = iosTests;
			sourceTree = "<group>";
		};
		F432AFDE1A7CC77E007B2AF9 /* Supporting Files */ = {
			isa = PBXGroup;
			children = (
				F432AFDF1A7CC77E007B2AF9 /* Info.plist */,
			);
			name = "Supporting Files";
			sourceTree = "<group>";
		};
/* End PBXGroup section */

/* Begin PBXNativeTarget section */
		F432AFBD1A7CC77E007B2AF9 /* ios */ = {
			isa = PBXNativeTarget;
			buildConfigurationList = F432AFE41A7CC77E007B2AF9 /* Build configuration list for PBXNativeTarget "ios" */;
			buildPhases = (
				36AF67E0279F3F87FE4AFAD7 /* Check Pods Manifest.lock */,
				F432AFBA1A7CC77E007B2AF9 /* Sources */,
				F432AFBB1A7CC77E007B2AF9 /* Frameworks */,
				F432AFBC1A7CC77E007B2AF9 /* Resources */,
				B30F525442B93DED134E0085 /* Copy Pods Resources */,
			);
			buildRules = (
			);
			dependencies = (
			);
			name = ios;
			productName = ios;
			productReference = F432AFBE1A7CC77E007B2AF9 /* SBHS Timetable.app */;
			productType = "com.apple.product-type.application";
		};
		F432AFD91A7CC77E007B2AF9 /* iosTests */ = {
			isa = PBXNativeTarget;
			buildConfigurationList = F432AFE71A7CC77E007B2AF9 /* Build configuration list for PBXNativeTarget "iosTests" */;
			buildPhases = (
				F432AFD61A7CC77E007B2AF9 /* Sources */,
				F432AFD71A7CC77E007B2AF9 /* Frameworks */,
				F432AFD81A7CC77E007B2AF9 /* Resources */,
			);
			buildRules = (
			);
			dependencies = (
				F432AFDC1A7CC77E007B2AF9 /* PBXTargetDependency */,
			);
			name = iosTests;
			productName = iosTests;
			productReference = F432AFDA1A7CC77E007B2AF9 /* iosTests.xctest */;
			productType = "com.apple.product-type.bundle.unit-test";
		};
/* End PBXNativeTarget section */

/* Begin PBXProject section */
		F432AFB61A7CC77E007B2AF9 /* Project object */ = {
			isa = PBXProject;
			attributes = {
				LastUpgradeCheck = 0610;
				ORGANIZATIONNAME = sbhstimetable.tk;
				TargetAttributes = {
					F432AFBD1A7CC77E007B2AF9 = {
						CreatedOnToolsVersion = 6.1.1;
					};
					F432AFD91A7CC77E007B2AF9 = {
						CreatedOnToolsVersion = 6.1.1;
						TestTargetID = F432AFBD1A7CC77E007B2AF9;
					};
				};
			};
			buildConfigurationList = F432AFB91A7CC77E007B2AF9 /* Build configuration list for PBXProject "SBHS Timetable" */;
			compatibilityVersion = "Xcode 3.2";
			developmentRegion = English;
			hasScannedForEncodings = 0;
			knownRegions = (
				en,
				Base,
			);
			mainGroup = F432AFB51A7CC77E007B2AF9;
			productRefGroup = F432AFBF1A7CC77E007B2AF9 /* Products */;
			projectDirPath = "";
			projectRoot = "";
			targets = (
				F432AFBD1A7CC77E007B2AF9 /* ios */,
				F432AFD91A7CC77E007B2AF9 /* iosTests */,
			);
		};
/* End PBXProject section */

/* Begin PBXResourcesBuildPhase section */
		F432AFBC1A7CC77E007B2AF9 /* Resources */ = {
			isa = PBXResourcesBuildPhase;
			buildActionMask = 2147483647;
			files = (
				F466D6DF1A7E37D7008EA09F /* TodayUITableCell.xib in Resources */,
				F4681ED71A80F2830036B3B9 /* ViewInfoBar.xib in Resources */,
				F432AFD01A7CC77E007B2AF9 /* Main.storyboard in Resources */,
				F432AFD51A7CC77E007B2AF9 /* LaunchScreen.xib in Resources */,
				F432AFD21A7CC77E007B2AF9 /* Images.xcassets in Resources */,
			);
			runOnlyForDeploymentPostprocessing = 0;
		};
		F432AFD81A7CC77E007B2AF9 /* Resources */ = {
			isa = PBXResourcesBuildPhase;
			buildActionMask = 2147483647;
			files = (
			);
			runOnlyForDeploymentPostprocessing = 0;
		};
/* End PBXResourcesBuildPhase section */

/* Begin PBXShellScriptBuildPhase section */
		36AF67E0279F3F87FE4AFAD7 /* Check Pods Manifest.lock */ = {
			isa = PBXShellScriptBuildPhase;
			buildActionMask = 2147483647;
			files = (
			);
			inputPaths = (
			);
			name = "Check Pods Manifest.lock";
			outputPaths = (
			);
			runOnlyForDeploymentPostprocessing = 0;
			shellPath = /bin/sh;
			shellScript = "diff \"${PODS_ROOT}/../Podfile.lock\" \"${PODS_ROOT}/Manifest.lock\" > /dev/null\nif [[ $? != 0 ]] ; then\n    cat << EOM\nerror: The sandbox is not in sync with the Podfile.lock. Run 'pod install' or update your CocoaPods installation.\nEOM\n    exit 1\nfi\n";
			showEnvVarsInLog = 0;
		};
		B30F525442B93DED134E0085 /* Copy Pods Resources */ = {
			isa = PBXShellScriptBuildPhase;
			buildActionMask = 2147483647;
			files = (
			);
			inputPaths = (
			);
			name = "Copy Pods Resources";
			outputPaths = (
			);
			runOnlyForDeploymentPostprocessing = 0;
			shellPath = /bin/sh;
			shellScript = "\"${SRCROOT}/Pods/Target Support Files/Pods/Pods-resources.sh\"\n";
			showEnvVarsInLog = 0;
		};
/* End PBXShellScriptBuildPhase section */

/* Begin PBXSourcesBuildPhase section */
		F432AFBA1A7CC77E007B2AF9 /* Sources */ = {
			isa = PBXSourcesBuildPhase;
			buildActionMask = 2147483647;
			files = (
				F4A69A051A7E05EE0051DDB3 /* LoginViewController.m in Sources */,
				F43C844D1A7F1BFA006D7748 /* JsonCacheManager.m in Sources */,
				F466D6DD1A7E37D7008EA09F /* TodayJson.m in Sources */,
				F49A7AB81A7CFFB2003EA762 /* ApiAccessor.m in Sources */,
				F466D6DE1A7E37D7008EA09F /* TodayTableViewCell.m in Sources */,
				F432AFCD1A7CC77E007B2AF9 /* SecondViewController.m in Sources */,
				F432AFC71A7CC77E007B2AF9 /* AppDelegate.m in Sources */,
				F49A7AB21A7CED9C003EA762 /* DateTimeHelper.m in Sources */,
				F432AFCA1A7CC77E007B2AF9 /* FirstViewController.m in Sources */,
				F49A7AAC1A7CE157003EA762 /* BelltimesJson.m in Sources */,
				F432AFC41A7CC77E007B2AF9 /* main.m in Sources */,
			);
			runOnlyForDeploymentPostprocessing = 0;
		};
		F432AFD61A7CC77E007B2AF9 /* Sources */ = {
			isa = PBXSourcesBuildPhase;
			buildActionMask = 2147483647;
			files = (
				F432AFE11A7CC77E007B2AF9 /* iosTests.m in Sources */,
			);
			runOnlyForDeploymentPostprocessing = 0;
		};
/* End PBXSourcesBuildPhase section */

/* Begin PBXTargetDependency section */
		F432AFDC1A7CC77E007B2AF9 /* PBXTargetDependency */ = {
			isa = PBXTargetDependency;
			target = F432AFBD1A7CC77E007B2AF9 /* ios */;
			targetProxy = F432AFDB1A7CC77E007B2AF9 /* PBXContainerItemProxy */;
		};
/* End PBXTargetDependency section */

/* Begin PBXVariantGroup section */
		F432AFCE1A7CC77E007B2AF9 /* Main.storyboard */ = {
			isa = PBXVariantGroup;
			children = (
				F432AFCF1A7CC77E007B2AF9 /* Base */,
			);
			name = Main.storyboard;
			sourceTree = "<group>";
		};
		F432AFD31A7CC77E007B2AF9 /* LaunchScreen.xib */ = {
			isa = PBXVariantGroup;
			children = (
				F432AFD41A7CC77E007B2AF9 /* Base */,
			);
			name = LaunchScreen.xib;
			sourceTree = "<group>";
		};
/* End PBXVariantGroup section */

/* Begin XCBuildConfiguration section */
		F432AFE21A7CC77E007B2AF9 /* Debug */ = {
			isa = XCBuildConfiguration;
			buildSettings = {
				ALWAYS_SEARCH_USER_PATHS = NO;
				CLANG_CXX_LANGUAGE_STANDARD = "gnu++0x";
				CLANG_CXX_LIBRARY = "libc++";
				CLANG_ENABLE_MODULES = YES;
				CLANG_ENABLE_OBJC_ARC = YES;
				CLANG_WARN_BOOL_CONVERSION = YES;
				CLANG_WARN_CONSTANT_CONVERSION = YES;
				CLANG_WARN_DIRECT_OBJC_ISA_USAGE = YES_ERROR;
				CLANG_WARN_EMPTY_BODY = YES;
				CLANG_WARN_ENUM_CONVERSION = YES;
				CLANG_WARN_INT_CONVERSION = YES;
				CLANG_WARN_OBJC_ROOT_CLASS = YES_ERROR;
				CLANG_WARN_UNREACHABLE_CODE = YES;
				CLANG_WARN__DUPLICATE_METHOD_MATCH = YES;
				"CODE_SIGN_IDENTITY[sdk=iphoneos*]" = "";
				COPY_PHASE_STRIP = NO;
				ENABLE_STRICT_OBJC_MSGSEND = YES;
				GCC_C_LANGUAGE_STANDARD = gnu99;
				GCC_DYNAMIC_NO_PIC = NO;
				GCC_OPTIMIZATION_LEVEL = 0;
				GCC_PREPROCESSOR_DEFINITIONS = (
					"DEBUG=1",
					"$(inherited)",
				);
				GCC_SYMBOLS_PRIVATE_EXTERN = NO;
				GCC_WARN_64_TO_32_BIT_CONVERSION = YES;
				GCC_WARN_ABOUT_RETURN_TYPE = YES_ERROR;
				GCC_WARN_UNDECLARED_SELECTOR = YES;
				GCC_WARN_UNINITIALIZED_AUTOS = YES_AGGRESSIVE;
				GCC_WARN_UNUSED_FUNCTION = YES;
				GCC_WARN_UNUSED_VARIABLE = YES;
				IPHONEOS_DEPLOYMENT_TARGET = 6.0;
				MTL_ENABLE_DEBUG_INFO = YES;
				ONLY_ACTIVE_ARCH = YES;
				SDKROOT = iphoneos;
				TARGETED_DEVICE_FAMILY = "1,2";
			};
			name = Debug;
		};
		F432AFE31A7CC77E007B2AF9 /* Release */ = {
			isa = XCBuildConfiguration;
			buildSettings = {
				ALWAYS_SEARCH_USER_PATHS = NO;
				CLANG_CXX_LANGUAGE_STANDARD = "gnu++0x";
				CLANG_CXX_LIBRARY = "libc++";
				CLANG_ENABLE_MODULES = YES;
				CLANG_ENABLE_OBJC_ARC = YES;
				CLANG_WARN_BOOL_CONVERSION = YES;
				CLANG_WARN_CONSTANT_CONVERSION = YES;
				CLANG_WARN_DIRECT_OBJC_ISA_USAGE = YES_ERROR;
				CLANG_WARN_EMPTY_BODY = YES;
				CLANG_WARN_ENUM_CONVERSION = YES;
				CLANG_WARN_INT_CONVERSION = YES;
				CLANG_WARN_OBJC_ROOT_CLASS = YES_ERROR;
				CLANG_WARN_UNREACHABLE_CODE = YES;
				CLANG_WARN__DUPLICATE_METHOD_MATCH = YES;
				"CODE_SIGN_IDENTITY[sdk=iphoneos*]" = "";
				COPY_PHASE_STRIP = YES;
				ENABLE_NS_ASSERTIONS = NO;
				ENABLE_STRICT_OBJC_MSGSEND = YES;
				GCC_C_LANGUAGE_STANDARD = gnu99;
				GCC_WARN_64_TO_32_BIT_CONVERSION = YES;
				GCC_WARN_ABOUT_RETURN_TYPE = YES_ERROR;
				GCC_WARN_UNDECLARED_SELECTOR = YES;
				GCC_WARN_UNINITIALIZED_AUTOS = YES_AGGRESSIVE;
				GCC_WARN_UNUSED_FUNCTION = YES;
				GCC_WARN_UNUSED_VARIABLE = YES;
				IPHONEOS_DEPLOYMENT_TARGET = 6.0;
				MTL_ENABLE_DEBUG_INFO = NO;
				SDKROOT = iphoneos;
				TARGETED_DEVICE_FAMILY = "1,2";
				VALIDATE_PRODUCT = YES;
			};
			name = Release;
		};
		F432AFE51A7CC77E007B2AF9 /* Debug */ = {
			isa = XCBuildConfiguration;
			baseConfigurationReference = 35E282DF4DE90419154B8078 /* Pods.debug.xcconfig */;
			buildSettings = {
				ASSETCATALOG_COMPILER_APPICON_NAME = AppIcon;
				INFOPLIST_FILE = ios/Info.plist;
				IPHONEOS_DEPLOYMENT_TARGET = 6.0;
				LD_RUNPATH_SEARCH_PATHS = "$(inherited) @executable_path/Frameworks";
				PRODUCT_NAME = "SBHS Timetable";
			};
			name = Debug;
		};
		F432AFE61A7CC77E007B2AF9 /* Release */ = {
			isa = XCBuildConfiguration;
			baseConfigurationReference = CC3A0EE1C7EE7CE61EA889A3 /* Pods.release.xcconfig */;
			buildSettings = {
				ASSETCATALOG_COMPILER_APPICON_NAME = AppIcon;
				INFOPLIST_FILE = ios/Info.plist;
				IPHONEOS_DEPLOYMENT_TARGET = 6.0;
				LD_RUNPATH_SEARCH_PATHS = "$(inherited) @executable_path/Frameworks";
				PRODUCT_NAME = "SBHS Timetable";
			};
			name = Release;
		};
		F432AFE81A7CC77E007B2AF9 /* Debug */ = {
			isa = XCBuildConfiguration;
			buildSettings = {
				BUNDLE_LOADER = "$(TEST_HOST)";
				FRAMEWORK_SEARCH_PATHS = (
					"$(SDKROOT)/Developer/Library/Frameworks",
					"$(inherited)",
				);
				GCC_PREPROCESSOR_DEFINITIONS = (
					"DEBUG=1",
					"$(inherited)",
				);
				INFOPLIST_FILE = iosTests/Info.plist;
				LD_RUNPATH_SEARCH_PATHS = "$(inherited) @executable_path/Frameworks @loader_path/Frameworks";
				PRODUCT_NAME = "$(TARGET_NAME)";
				TEST_HOST = "$(BUILT_PRODUCTS_DIR)/ios.app/ios";
			};
			name = Debug;
		};
		F432AFE91A7CC77E007B2AF9 /* Release */ = {
			isa = XCBuildConfiguration;
			buildSettings = {
				BUNDLE_LOADER = "$(TEST_HOST)";
				FRAMEWORK_SEARCH_PATHS = (
					"$(SDKROOT)/Developer/Library/Frameworks",
					"$(inherited)",
				);
				INFOPLIST_FILE = iosTests/Info.plist;
				LD_RUNPATH_SEARCH_PATHS = "$(inherited) @executable_path/Frameworks @loader_path/Frameworks";
				PRODUCT_NAME = "$(TARGET_NAME)";
				TEST_HOST = "$(BUILT_PRODUCTS_DIR)/ios.app/ios";
			};
			name = Release;
		};
/* End XCBuildConfiguration section */

/* Begin XCConfigurationList section */
		F432AFB91A7CC77E007B2AF9 /* Build configuration list for PBXProject "SBHS Timetable" */ = {
			isa = XCConfigurationList;
			buildConfigurations = (
				F432AFE21A7CC77E007B2AF9 /* Debug */,
				F432AFE31A7CC77E007B2AF9 /* Release */,
			);
			defaultConfigurationIsVisible = 0;
			defaultConfigurationName = Release;
		};
		F432AFE41A7CC77E007B2AF9 /* Build configuration list for PBXNativeTarget "ios" */ = {
			isa = XCConfigurationList;
			buildConfigurations = (
				F432AFE51A7CC77E007B2AF9 /* Debug */,
				F432AFE61A7CC77E007B2AF9 /* Release */,
			);
			defaultConfigurationIsVisible = 0;
			defaultConfigurationName = Release;
		};
		F432AFE71A7CC77E007B2AF9 /* Build configuration list for PBXNativeTarget "iosTests" */ = {
			isa = XCConfigurationList;
			buildConfigurations = (
				F432AFE81A7CC77E007B2AF9 /* Debug */,
				F432AFE91A7CC77E007B2AF9 /* Release */,
			);
			defaultConfigurationIsVisible = 0;
			defaultConfigurationName = Release;
		};
/* End XCConfigurationList section */
	};
	rootObject = F432AFB61A7CC77E007B2AF9 /* Project object */;
}
